
Microsoft Visual Studio Solution File, Format Version 12.00
# Visual Studio Version 17
VisualStudioVersion = 17.14.37111.16 d17.14
MinimumVisualStudioVersion = 10.0.40219.1
Project("{FAE04EC0-301F-11D3-BF4B-00C04F79EFBC}") = "TrickcalReader", "TrickcalReader\TrickcalReader.csproj", "{D6E3A231-A810-49F3-BAB9-90CDBFD714E0}"
EndProject
Global
	GlobalSection(SolutionConfigurationPlatforms) = preSolution
		Debug|Any CPU = Debug|Any CPU
		Release|Any CPU = Release|Any CPU
	EndGlobalSection
	GlobalSection(ProjectConfigurationPlatforms) = postSolution
		{D6E3A231-A810-49F3-BAB9-90CDBFD714E0}.Debug|Any CPU.ActiveCfg = Debug|Any CPU
		{D6E3A231-A810-49F3-BAB9-90CDBFD714E0}.Debug|Any CPU.Build.0 = Debug|Any CPU
		{D6E3A231-A810-49F3-BAB9-90CDBFD714E0}.Release|Any CPU.ActiveCfg = Release|Any CPU
		{D6E3A231-A810-49F3-BAB9-90CDBFD714E0}.Release|Any CPU.Build.0 = Release|Any CPU
	EndGlobalSection
	GlobalSection(SolutionProperties) = preSolution
		HideSolutionNode = FALSE
	EndGlobalSection
	GlobalSection(ExtensibilityGlobals) = postSolution
		SolutionGuid = {56641C2E-AD03-4CB0-B862-A352A3579B59}
	EndGlobalSection
EndGlobal
